
Microsoft Visual Studio Solution File, Format Version 12.00
# Visual Studio Version 17
VisualStudioVersion = 17.3.32819.101
MinimumVisualStudioVersion = 10.0.40219.1
Project("{FAE04EC0-301F-11D3-BF4B-00C04F79EFBC}") = "Oblik2", "Oblik2\Oblik2.csproj", "{228E55D2-1511-42E3-9E35-0E5073E8614B}"
EndProject
Global
	GlobalSection(SolutionConfigurationPlatforms) = preSolution
		Debug|Any CPU = Debug|Any CPU
		Release|Any CPU = Release|Any CPU
	EndGlobalSection
	GlobalSection(ProjectConfigurationPlatforms) = postSolution
		{228E55D2-1511-42E3-9E35-0E5073E8614B}.Debug|Any CPU.ActiveCfg = Debug|Any CPU
		{228E55D2-1511-42E3-9E35-0E5073E8614B}.Debug|Any CPU.Build.0 = Debug|Any CPU
		{228E55D2-1511-42E3-9E35-0E5073E8614B}.Release|Any CPU.ActiveCfg = Release|Any CPU
		{228E55D2-1511-42E3-9E35-0E5073E8614B}.Release|Any CPU.Build.0 = Release|Any CPU
	EndGlobalSection
	GlobalSection(SolutionProperties) = preSolution
		HideSolutionNode = FALSE
	EndGlobalSection
	GlobalSection(ExtensibilityGlobals) = postSolution
		SolutionGuid = {E50A2A65-1691-41C8-90F0-787577EF66A1}
	EndGlobalSection
EndGlobal
